
Microsoft Visual Studio Solution File, Format Version 12.00
# Visual Studio Version 18
VisualStudioVersion = 18.6.11819.183
MinimumVisualStudioVersion = 10.0.40219.1
Project("{2150E333-8FDC-42A3-9474-1A3956D46DE8}") = "Services", "Services", "{02EA681E-C7D8-13C7-8484-4AC65E1B71E8}"
EndProject
Project("{2150E333-8FDC-42A3-9474-1A3956D46DE8}") = "Catalog", "Catalog", "{0D9C79BE-DD8E-4142-A956-66692A06CA01}"
EndProject
Project("{2150E333-8FDC-42A3-9474-1A3956D46DE8}") = "Basket", "Basket", "{B06C10F2-97A1-4BDC-A360-D1B4FFD764D9}"
EndProject
Project("{FAE04EC0-301F-11D3-BF4B-00C04F79EFBC}") = "Basket", "Services\Basket\Basket\Basket.csproj", "{8C137228-FA08-D648-EEA9-6E3950FE9573}"
EndProject
Project("{FAE04EC0-301F-11D3-BF4B-00C04F79EFBC}") = "Catalog", "Services\Catalog\Catalog.csproj", "{03C56FDC-8732-AA4A-35C6-AAC03941B489}"
EndProject
Project("{2150E333-8FDC-42A3-9474-1A3956D46DE8}") = "Discount", "Discount", "{33EAD6A4-66E1-4A5C-9CC4-FD9FE4F58374}"
EndProject
Project("{FAE04EC0-301F-11D3-BF4B-00C04F79EFBC}") = "Discount", "Services\Discount\Discount.csproj", "{662C5E09-767C-0C23-1877-402327F7A2BB}"
EndProject
Project("{2150E333-8FDC-42A3-9474-1A3956D46DE8}") = "Ordering", "Ordering", "{78C4B2DE-A5A2-4E4B-BF1D-BE6988389BC4}"
EndProject
Project("{FAE04EC0-301F-11D3-BF4B-00C04F79EFBC}") = "Ordering", "Services\Ordering\Ordering.csproj", "{DF78E204-EAE8-FBE9-C2E0-8AF2A5E1F66F}"
EndProject
Global
	GlobalSection(SolutionConfigurationPlatforms) = preSolution
		Debug|Any CPU = Debug|Any CPU
		Release|Any CPU = Release|Any CPU
	EndGlobalSection
	GlobalSection(ProjectConfigurationPlatforms) = postSolution
		{8C137228-FA08-D648-EEA9-6E3950FE9573}.Debug|Any CPU.ActiveCfg = Debug|Any CPU
		{8C137228-FA08-D648-EEA9-6E3950FE9573}.Debug|Any CPU.Build.0 = Debug|Any CPU
		{8C137228-FA08-D648-EEA9-6E3950FE9573}.Release|Any CPU.ActiveCfg = Release|Any CPU
		{8C137228-FA08-D648-EEA9-6E3950FE9573}.Release|Any CPU.Build.0 = Release|Any CPU
		{03C56FDC-8732-AA4A-35C6-AAC03941B489}.Debug|Any CPU.ActiveCfg = Debug|Any CPU
		{03C56FDC-8732-AA4A-35C6-AAC03941B489}.Debug|Any CPU.Build.0 = Debug|Any CPU
		{03C56FDC-8732-AA4A-35C6-AAC03941B489}.Release|Any CPU.ActiveCfg = Release|Any CPU
		{03C56FDC-8732-AA4A-35C6-AAC03941B489}.Release|Any CPU.Build.0 = Release|Any CPU
		{662C5E09-767C-0C23-1877-402327F7A2BB}.Debug|Any CPU.ActiveCfg = Debug|Any CPU
		{662C5E09-767C-0C23-1877-402327F7A2BB}.Debug|Any CPU.Build.0 = Debug|Any CPU
		{662C5E09-767C-0C23-1877-402327F7A2BB}.Release|Any CPU.ActiveCfg = Release|Any CPU
		{662C5E09-767C-0C23-1877-402327F7A2BB}.Release|Any CPU.Build.0 = Release|Any CPU
		{DF78E204-EAE8-FBE9-C2E0-8AF2A5E1F66F}.Debug|Any CPU.ActiveCfg = Debug|Any CPU
		{DF78E204-EAE8-FBE9-C2E0-8AF2A5E1F66F}.Debug|Any CPU.Build.0 = Debug|Any CPU
		{DF78E204-EAE8-FBE9-C2E0-8AF2A5E1F66F}.Release|Any CPU.ActiveCfg = Release|Any CPU
		{DF78E204-EAE8-FBE9-C2E0-8AF2A5E1F66F}.Release|Any CPU.Build.0 = Release|Any CPU
	EndGlobalSection
	GlobalSection(SolutionProperties) = preSolution
		HideSolutionNode = FALSE
	EndGlobalSection
	GlobalSection(NestedProjects) = preSolution
		{0D9C79BE-DD8E-4142-A956-66692A06CA01} = {02EA681E-C7D8-13C7-8484-4AC65E1B71E8}
		{B06C10F2-97A1-4BDC-A360-D1B4FFD764D9} = {02EA681E-C7D8-13C7-8484-4AC65E1B71E8}
		{8C137228-FA08-D648-EEA9-6E3950FE9573} = {B06C10F2-97A1-4BDC-A360-D1B4FFD764D9}
		{03C56FDC-8732-AA4A-35C6-AAC03941B489} = {0D9C79BE-DD8E-4142-A956-66692A06CA01}
		{33EAD6A4-66E1-4A5C-9CC4-FD9FE4F58374} = {02EA681E-C7D8-13C7-8484-4AC65E1B71E8}
		{662C5E09-767C-0C23-1877-402327F7A2BB} = {33EAD6A4-66E1-4A5C-9CC4-FD9FE4F58374}
		{78C4B2DE-A5A2-4E4B-BF1D-BE6988389BC4} = {02EA681E-C7D8-13C7-8484-4AC65E1B71E8}
		{DF78E204-EAE8-FBE9-C2E0-8AF2A5E1F66F} = {78C4B2DE-A5A2-4E4B-BF1D-BE6988389BC4}
	EndGlobalSection
	GlobalSection(ExtensibilityGlobals) = postSolution
		SolutionGuid = {42DB4080-90F0-4250-949E-FF0E9DB80939}
	EndGlobalSection
EndGlobal
